
Microsoft Visual Studio Solution File, Format Version 12.00
# Visual Studio 15
Project("{FAE04EC0-301F-11D3-BF4B-00C04F79EFBC}") = "Assembly-CSharp", "Assembly-CSharp.csproj", "{C326DC35-BC5E-9683-9452-716B2C3D2E31}"
EndProject
Project("{FAE04EC0-301F-11D3-BF4B-00C04F79EFBC}") = "Assembly-CSharp-Editor-firstpass", "Assembly-CSharp-Editor-firstpass.csproj", "{53FAE5F6-4E2A-9EEC-5594-AFE771AEC684}"
EndProject
Global
	GlobalSection(SolutionConfigurationPlatforms) = preSolution
		Debug|Any CPU = Debug|Any CPU
		Release|Any CPU = Release|Any CPU
	EndGlobalSection
	GlobalSection(ProjectConfigurationPlatforms) = postSolution
		{C326DC35-BC5E-9683-9452-716B2C3D2E31}.Debug|Any CPU.ActiveCfg = Debug|Any CPU
		{C326DC35-BC5E-9683-9452-716B2C3D2E31}.Debug|Any CPU.Build.0 = Debug|Any CPU
		{C326DC35-BC5E-9683-9452-716B2C3D2E31}.Release|Any CPU.ActiveCfg = Release|Any CPU
		{C326DC35-BC5E-9683-9452-716B2C3D2E31}.Release|Any CPU.Build.0 = Release|Any CPU
		{53FAE5F6-4E2A-9EEC-5594-AFE771AEC684}.Debug|Any CPU.ActiveCfg = Debug|Any CPU
		{53FAE5F6-4E2A-9EEC-5594-AFE771AEC684}.Debug|Any CPU.Build.0 = Debug|Any CPU
		{53FAE5F6-4E2A-9EEC-5594-AFE771AEC684}.Release|Any CPU.ActiveCfg = Release|Any CPU
		{53FAE5F6-4E2A-9EEC-5594-AFE771AEC684}.Release|Any CPU.Build.0 = Release|Any CPU
	EndGlobalSection
	GlobalSection(SolutionProperties) = preSolution
		HideSolutionNode = FALSE
	EndGlobalSection
EndGlobal
